// !$*UTF8*$!
{
	archiveVersion = 1;
	classes = {
	};
	objectVersion = 46;
	objects = {

/* Begin PBXBuildFile section */
		E70E54641946929A00F42655 /* AW_AboutViewController.xib in Resources */ = {isa = PBXBuildFile; fileRef = E70E54631946929A00F42655 /* AW_AboutViewController.xib */; };
		E70E5467194C8CA600F42655 /* AW_AboutViewController.m in Sources */ = {isa = PBXBuildFile; fileRef = E70E5466194C8CA600F42655 /* AW_AboutViewController.m */; };
		E70E5495194FBA5100F42655 /* iRate.m in Sources */ = {isa = PBXBuildFile; fileRef = E70E5494194FBA5100F42655 /* iRate.m */; };
		E70E549D1953C87F00F42655 /* AW_FavoritedShape.m in Sources */ = {isa = PBXBuildFile; fileRef = E70E549C1953C87F00F42655 /* AW_FavoritedShape.m */; };
		E70E54A01953D0B100F42655 /* AW_FavoritesTableViewController.m in Sources */ = {isa = PBXBuildFile; fileRef = E70E549F1953D0B100F42655 /* AW_FavoritesTableViewController.m */; };
		E70E54A51954F03100F42655 /* AW_FavoritesStore.m in Sources */ = {isa = PBXBuildFile; fileRef = E70E54A41954F03100F42655 /* AW_FavoritesStore.m */; };
		E70E54A81955158E00F42655 /* AW_FavoritesTableViewCell.m in Sources */ = {isa = PBXBuildFile; fileRef = E70E54A71955158E00F42655 /* AW_FavoritesTableViewCell.m */; };
		E71CF0FA197DD98800FDE2B8 /* AW_SearchCriteriaTableViewController.m in Sources */ = {isa = PBXBuildFile; fileRef = E71CF0F9197DD98800FDE2B8 /* AW_SearchCriteriaTableViewController.m */; };
		E71CF0FD197DDA6E00FDE2B8 /* AW_PropertyCriteriaObject.m in Sources */ = {isa = PBXBuildFile; fileRef = E71CF0FC197DDA6E00FDE2B8 /* AW_PropertyCriteriaObject.m */; };
		E71CF101197DF0CD00FDE2B8 /* AW_DatabaseSelectorModalTableViewController.m in Sources */ = {isa = PBXBuildFile; fileRef = E71CF100197DF0CD00FDE2B8 /* AW_DatabaseSelectorModalTableViewController.m */; };
		E71CF10419808F5F00FDE2B8 /* AW_ShapeFamilySelectorModalTableViewController.m in Sources */ = {isa = PBXBuildFile; fileRef = E71CF10319808F5F00FDE2B8 /* AW_ShapeFamilySelectorModalTableViewController.m */; };
		E71CF10819871C3500FDE2B8 /* AW_PropertyCriteriaTableViewCell.m in Sources */ = {isa = PBXBuildFile; fileRef = E71CF10619871C3500FDE2B8 /* AW_PropertyCriteriaTableViewCell.m */; };
		E71CF10919871C3500FDE2B8 /* AW_PropertyCriteriaTableViewCell.xib in Resources */ = {isa = PBXBuildFile; fileRef = E71CF10719871C3500FDE2B8 /* AW_PropertyCriteriaTableViewCell.xib */; };
		E71CF10D198D46C000FDE2B8 /* AW_AddPropertyCriteriaViewController.m in Sources */ = {isa = PBXBuildFile; fileRef = E71CF10B198D46C000FDE2B8 /* AW_AddPropertyCriteriaViewController.m */; };
		E71CF10E198D46C000FDE2B8 /* AW_AddPropertyCriteriaViewController.xib in Resources */ = {isa = PBXBuildFile; fileRef = E71CF10C198D46C000FDE2B8 /* AW_AddPropertyCriteriaViewController.xib */; };
		E76C4041193A7D2A00800FAA /* AW_PropertyTableViewCell.m in Sources */ = {isa = PBXBuildFile; fileRef = E76C403F193A7D2A00800FAA /* AW_PropertyTableViewCell.m */; };
		E76C4042193A7D2A00800FAA /* AW_PropertyTableViewCell.xib in Resources */ = {isa = PBXBuildFile; fileRef = E76C4040193A7D2A00800FAA /* AW_PropertyTableViewCell.xib */; };
		E76C405619439F9200800FAA /* iAd.framework in Frameworks */ = {isa = PBXBuildFile; fileRef = E76C405519439F9200800FAA /* iAd.framework */; };
		E771CD34192ABD3C00A626B5 /* AW_NavigationController.m in Sources */ = {isa = PBXBuildFile; fileRef = E771CD33192ABD3C00A626B5 /* AW_NavigationController.m */; };
		E78D137A197C5B9A0011D7FD /* AW_PropertyDescription.m in Sources */ = {isa = PBXBuildFile; fileRef = E78D1379197C5B9A0011D7FD /* AW_PropertyDescription.m */; };
		E78D137E197C61480011D7FD /* AW_Steel_Shapes_Database_Import_Utility.sqlite in Resources */ = {isa = PBXBuildFile; fileRef = E78D137D197C61480011D7FD /* AW_Steel_Shapes_Database_Import_Utility.sqlite */; };
		E79B124D199BF64100E6B8A2 /* ValueEntryView.xib in Resources */ = {isa = PBXBuildFile; fileRef = E79B124C199BF64100E6B8A2 /* ValueEntryView.xib */; };
		E79B1250199CFFA900E6B8A2 /* AW_DetailStyleTableViewCell.m in Sources */ = {isa = PBXBuildFile; fileRef = E79B124F199CFFA900E6B8A2 /* AW_DetailStyleTableViewCell.m */; };
		E79B125319A4DBF400E6B8A2 /* AW_TriangleView.m in Sources */ = {isa = PBXBuildFile; fileRef = E79B125219A4DBF400E6B8A2 /* AW_TriangleView.m */; };
		E79B125619A78F2A00E6B8A2 /* AW_SearchResultsViewController.m in Sources */ = {isa = PBXBuildFile; fileRef = E79B125519A78F2A00E6B8A2 /* AW_SearchResultsViewController.m */; };
		E79B125919A7953900E6B8A2 /* AW_MatchingShape.m in Sources */ = {isa = PBXBuildFile; fileRef = E79B125819A7953900E6B8A2 /* AW_MatchingShape.m */; };
		E79B125B19AB9B1000E6B8A2 /* AW_SearchResultsViewController.xib in Resources */ = {isa = PBXBuildFile; fileRef = E79B125A19AB9B1000E6B8A2 /* AW_SearchResultsViewController.xib */; };
		E7B1B2DE192D807D00054276 /* AW_ShapeFamilyTableViewController.m in Sources */ = {isa = PBXBuildFile; fileRef = E7B1B2DD192D807D00054276 /* AW_ShapeFamilyTableViewController.m */; };
		E7B1B2EE1931516800054276 /* AW_InfoBar.xib in Resources */ = {isa = PBXBuildFile; fileRef = E7B1B2ED1931516800054276 /* AW_InfoBar.xib */; };
		E7B1B2F11931541E00054276 /* AW_ShapeViewController.m in Sources */ = {isa = PBXBuildFile; fileRef = E7B1B2F01931541E00054276 /* AW_ShapeViewController.m */; };
		E7B1B2F719326E9300054276 /* AW_InfoBar.m in Sources */ = {isa = PBXBuildFile; fileRef = E7B1B2F619326E9300054276 /* AW_InfoBar.m */; };
		E7B1B2F9193388B000054276 /* AW_ShapeViewController.xib in Resources */ = {isa = PBXBuildFile; fileRef = E7B1B2F8193388B000054276 /* AW_ShapeViewController.xib */; };
		E7B1B30519356F7700054276 /* AW_PropertyViewController.m in Sources */ = {isa = PBXBuildFile; fileRef = E7B1B30319356F7700054276 /* AW_PropertyViewController.m */; };
		E7B1B30619356F7700054276 /* AW_PropertyViewController.xib in Resources */ = {isa = PBXBuildFile; fileRef = E7B1B30419356F7700054276 /* AW_PropertyViewController.xib */; };
		E7EEF1891925A8F80075D69B /* Foundation.framework in Frameworks */ = {isa = PBXBuildFile; fileRef = E7EEF1881925A8F80075D69B /* Foundation.framework */; };
		E7EEF18B1925A8F80075D69B /* CoreGraphics.framework in Frameworks */ = {isa = PBXBuildFile; fileRef = E7EEF18A1925A8F80075D69B /* CoreGraphics.framework */; };
		E7EEF18D1925A8F80075D69B /* UIKit.framework in Frameworks */ = {isa = PBXBuildFile; fileRef = E7EEF18C1925A8F80075D69B /* UIKit.framework */; };
		E7EEF1931925A8F80075D69B /* InfoPlist.strings in Resources */ = {isa = PBXBuildFile; fileRef = E7EEF1911925A8F80075D69B /* InfoPlist.strings */; };
		E7EEF1951925A8F80075D69B /* main.m in Sources */ = {isa = PBXBuildFile; fileRef = E7EEF1941925A8F80075D69B /* main.m */; };
		E7EEF1991925A8F80075D69B /* AW_AppDelegate.m in Sources */ = {isa = PBXBuildFile; fileRef = E7EEF1981925A8F80075D69B /* AW_AppDelegate.m */; };
		E7EEF19B1925A8F80075D69B /* Images.xcassets in Resources */ = {isa = PBXBuildFile; fileRef = E7EEF19A1925A8F80075D69B /* Images.xcassets */; };
		E7EEF1A21925A8F90075D69B /* XCTest.framework in Frameworks */ = {isa = PBXBuildFile; fileRef = E7EEF1A11925A8F90075D69B /* XCTest.framework */; };
		E7EEF1A31925A8F90075D69B /* Foundation.framework in Frameworks */ = {isa = PBXBuildFile; fileRef = E7EEF1881925A8F80075D69B /* Foundation.framework */; };
		E7EEF1A41925A8F90075D69B /* UIKit.framework in Frameworks */ = {isa = PBXBuildFile; fileRef = E7EEF18C1925A8F80075D69B /* UIKit.framework */; };
		E7EEF1AC1925A8F90075D69B /* InfoPlist.strings in Resources */ = {isa = PBXBuildFile; fileRef = E7EEF1AA1925A8F90075D69B /* InfoPlist.strings */; };
		E7EEF1AE1925A8F90075D69B /* Steel_Shapes_DatabaseTests.m in Sources */ = {isa = PBXBuildFile; fileRef = E7EEF1AD1925A8F90075D69B /* Steel_Shapes_DatabaseTests.m */; };
		E7EEF1B91925A98A0075D69B /* SteelShapesDatabase.xcdatamodeld in Sources */ = {isa = PBXBuildFile; fileRef = E7EEF1B71925A98A0075D69B /* SteelShapesDatabase.xcdatamodeld */; };
		E7EEF1C21925AA5D0075D69B /* AW_Database.m in Sources */ = {isa = PBXBuildFile; fileRef = E7EEF1BE1925AA5D0075D69B /* AW_Database.m */; };
		E7EEF1C31925AA5D0075D69B /* AW_Property.m in Sources */ = {isa = PBXBuildFile; fileRef = E7EEF1BF1925AA5D0075D69B /* AW_Property.m */; };
		E7EEF1C41925AA5D0075D69B /* AW_Shape.m in Sources */ = {isa = PBXBuildFile; fileRef = E7EEF1C01925AA5D0075D69B /* AW_Shape.m */; };
		E7EEF1C51925AA5D0075D69B /* AW_ShapeFamily.m in Sources */ = {isa = PBXBuildFile; fileRef = E7EEF1C11925AA5D0075D69B /* AW_ShapeFamily.m */; };
		E7EEF1CA1925AB430075D69B /* AW_CoreDataStore.m in Sources */ = {isa = PBXBuildFile; fileRef = E7EEF1C91925AB430075D69B /* AW_CoreDataStore.m */; };
		E7EEF1D01925B73B0075D69B /* AW_DatabaseTableViewController.m in Sources */ = {isa = PBXBuildFile; fileRef = E7EEF1CF1925B73B0075D69B /* AW_DatabaseTableViewController.m */; };
/* End PBXBuildFile section */

/* Begin PBXContainerItemProxy section */
		E7EEF1A51925A8F90075D69B /* PBXContainerItemProxy */ = {
			isa = PBXContainerItemProxy;
			containerPortal = E7EEF17D1925A8F70075D69B /* Project object */;
			proxyType = 1;
			remoteGlobalIDString = E7EEF1841925A8F80075D69B;
			remoteInfo = "Steel Shapes Database";
		};
/* End PBXContainerItemProxy section */

/* Begin PBXFileReference section */
		E70E54631946929A00F42655 /* AW_AboutViewController.xib */ = {isa = PBXFileReference; fileEncoding = 4; lastKnownFileType = file.xib; path = AW_AboutViewController.xib; sourceTree = "<group>"; };
		E70E5465194C8CA600F42655 /* AW_AboutViewController.h */ = {isa = PBXFileReference; fileEncoding = 4; lastKnownFileType = sourcecode.c.h; path = AW_AboutViewController.h; sourceTree = "<group>"; };
		E70E5466194C8CA600F42655 /* AW_AboutViewController.m */ = {isa = PBXFileReference; fileEncoding = 4; lastKnownFileType = sourcecode.c.objc; path = AW_AboutViewController.m; sourceTree = "<group>"; };
		E70E5493194FBA5100F42655 /* iRate.h */ = {isa = PBXFileReference; fileEncoding = 4; lastKnownFileType = sourcecode.c.h; path = iRate.h; sourceTree = "<group>"; };
		E70E5494194FBA5100F42655 /* iRate.m */ = {isa = PBXFileReference; fileEncoding = 4; lastKnownFileType = sourcecode.c.objc; path = iRate.m; sourceTree = "<group>"; };
		E70E549B1953C87F00F42655 /* AW_FavoritedShape.h */ = {isa = PBXFileReference; fileEncoding = 4; lastKnownFileType = sourcecode.c.h; path = AW_FavoritedShape.h; sourceTree = "<group>"; };
		E70E549C1953C87F00F42655 /* AW_FavoritedShape.m */ = {isa = PBXFileReference; fileEncoding = 4; lastKnownFileType = sourcecode.c.objc; path = AW_FavoritedShape.m; sourceTree = "<group>"; };
		E70E549E1953D0B100F42655 /* AW_FavoritesTableViewController.h */ = {isa = PBXFileReference; fileEncoding = 4; lastKnownFileType = sourcecode.c.h; path = AW_FavoritesTableViewController.h; sourceTree = "<group>"; };
		E70E549F1953D0B100F42655 /* AW_FavoritesTableViewController.m */ = {isa = PBXFileReference; fileEncoding = 4; lastKnownFileType = sourcecode.c.objc; path = AW_FavoritesTableViewController.m; sourceTree = "<group>"; };
		E70E54A31954F03100F42655 /* AW_FavoritesStore.h */ = {isa = PBXFileReference; fileEncoding = 4; lastKnownFileType = sourcecode.c.h; path = AW_FavoritesStore.h; sourceTree = "<group>"; };
		E70E54A41954F03100F42655 /* AW_FavoritesStore.m */ = {isa = PBXFileReference; fileEncoding = 4; lastKnownFileType = sourcecode.c.objc; path = AW_FavoritesStore.m; sourceTree = "<group>"; };
		E70E54A61955158E00F42655 /* AW_FavoritesTableViewCell.h */ = {isa = PBXFileReference; fileEncoding = 4; lastKnownFileType = sourcecode.c.h; path = AW_FavoritesTableViewCell.h; sourceTree = "<group>"; };
		E70E54A71955158E00F42655 /* AW_FavoritesTableViewCell.m */ = {isa = PBXFileReference; fileEncoding = 4; lastKnownFileType = sourcecode.c.objc; path = AW_FavoritesTableViewCell.m; sourceTree = "<group>"; };
		E71CF0F8197DD98800FDE2B8 /* AW_SearchCriteriaTableViewController.h */ = {isa = PBXFileReference; fileEncoding = 4; lastKnownFileType = sourcecode.c.h; path = AW_SearchCriteriaTableViewController.h; sourceTree = "<group>"; };
		E71CF0F9197DD98800FDE2B8 /* AW_SearchCriteriaTableViewController.m */ = {isa = PBXFileReference; fileEncoding = 4; lastKnownFileType = sourcecode.c.objc; path = AW_SearchCriteriaTableViewController.m; sourceTree = "<group>"; };
		E71CF0FB197DDA6E00FDE2B8 /* AW_PropertyCriteriaObject.h */ = {isa = PBXFileReference; fileEncoding = 4; lastKnownFileType = sourcecode.c.h; path = AW_PropertyCriteriaObject.h; sourceTree = "<group>"; };
		E71CF0FC197DDA6E00FDE2B8 /* AW_PropertyCriteriaObject.m */ = {isa = PBXFileReference; fileEncoding = 4; lastKnownFileType = sourcecode.c.objc; path = AW_PropertyCriteriaObject.m; sourceTree = "<group>"; };
		E71CF0FE197DDDD100FDE2B8 /* AW_EnumHeader.h */ = {isa = PBXFileReference; fileEncoding = 4; lastKnownFileType = sourcecode.c.h; path = AW_EnumHeader.h; sourceTree = "<group>"; };
		E71CF0FF197DF0CD00FDE2B8 /* AW_DatabaseSelectorModalTableViewController.h */ = {isa = PBXFileReference; fileEncoding = 4; lastKnownFileType = sourcecode.c.h; path = AW_DatabaseSelectorModalTableViewController.h; sourceTree = "<group>"; };
		E71CF100197DF0CD00FDE2B8 /* AW_DatabaseSelectorModalTableViewController.m */ = {isa = PBXFileReference; fileEncoding = 4; lastKnownFileType = sourcecode.c.objc; path = AW_DatabaseSelectorModalTableViewController.m; sourceTree = "<group>"; };
		E71CF10219808F5F00FDE2B8 /* AW_ShapeFamilySelectorModalTableViewController.h */ = {isa = PBXFileReference; fileEncoding = 4; lastKnownFileType = sourcecode.c.h; path = AW_ShapeFamilySelectorModalTableViewController.h; sourceTree = "<group>"; };
		E71CF10319808F5F00FDE2B8 /* AW_ShapeFamilySelectorModalTableViewController.m */ = {isa = PBXFileReference; fileEncoding = 4; lastKnownFileType = sourcecode.c.objc; path = AW_ShapeFamilySelectorModalTableViewController.m; sourceTree = "<group>"; };
		E71CF10519871C3500FDE2B8 /* AW_PropertyCriteriaTableViewCell.h */ = {isa = PBXFileReference; fileEncoding = 4; lastKnownFileType = sourcecode.c.h; path = AW_PropertyCriteriaTableViewCell.h; sourceTree = "<group>"; };
		E71CF10619871C3500FDE2B8 /* AW_PropertyCriteriaTableViewCell.m */ = {isa = PBXFileReference; fileEncoding = 4; lastKnownFileType = sourcecode.c.objc; path = AW_PropertyCriteriaTableViewCell.m; sourceTree = "<group>"; };
		E71CF10719871C3500FDE2B8 /* AW_PropertyCriteriaTableViewCell.xib */ = {isa = PBXFileReference; fileEncoding = 4; lastKnownFileType = file.xib; path = AW_PropertyCriteriaTableViewCell.xib; sourceTree = "<group>"; };
		E71CF10A198D46BF00FDE2B8 /* AW_AddPropertyCriteriaViewController.h */ = {isa = PBXFileReference; fileEncoding = 4; lastKnownFileType = sourcecode.c.h; path = AW_AddPropertyCriteriaViewController.h; sourceTree = "<group>"; };
		E71CF10B198D46C000FDE2B8 /* AW_AddPropertyCriteriaViewController.m */ = {isa = PBXFileReference; fileEncoding = 4; lastKnownFileType = sourcecode.c.objc; path = AW_AddPropertyCriteriaViewController.m; sourceTree = "<group>"; };
		E71CF10C198D46C000FDE2B8 /* AW_AddPropertyCriteriaViewController.xib */ = {isa = PBXFileReference; fileEncoding = 4; lastKnownFileType = file.xib; path = AW_AddPropertyCriteriaViewController.xib; sourceTree = "<group>"; };
		E76C403E193A7D2A00800FAA /* AW_PropertyTableViewCell.h */ = {isa = PBXFileReference; fileEncoding = 4; lastKnownFileType = sourcecode.c.h; path = AW_PropertyTableViewCell.h; sourceTree = "<group>"; };
		E76C403F193A7D2A00800FAA /* AW_PropertyTableViewCell.m */ = {isa = PBXFileReference; fileEncoding = 4; lastKnownFileType = sourcecode.c.objc; path = AW_PropertyTableViewCell.m; sourceTree = "<group>"; };
		E76C4040193A7D2A00800FAA /* AW_PropertyTableViewCell.xib */ = {isa = PBXFileReference; fileEncoding = 4; lastKnownFileType = file.xib; path = AW_PropertyTableViewCell.xib; sourceTree = "<group>"; };
		E76C405519439F9200800FAA /* iAd.framework */ = {isa = PBXFileReference; lastKnownFileType = wrapper.framework; name = iAd.framework; path = System/Library/Frameworks/iAd.framework; sourceTree = SDKROOT; };
		E771CD32192ABD3C00A626B5 /* AW_NavigationController.h */ = {isa = PBXFileReference; fileEncoding = 4; lastKnownFileType = sourcecode.c.h; path = AW_NavigationController.h; sourceTree = "<group>"; };
		E771CD33192ABD3C00A626B5 /* AW_NavigationController.m */ = {isa = PBXFileReference; fileEncoding = 4; lastKnownFileType = sourcecode.c.objc; path = AW_NavigationController.m; sourceTree = "<group>"; };
		E78D1378197C5B9A0011D7FD /* AW_PropertyDescription.h */ = {isa = PBXFileReference; fileEncoding = 4; lastKnownFileType = sourcecode.c.h; path = AW_PropertyDescription.h; sourceTree = "<group>"; };
		E78D1379197C5B9A0011D7FD /* AW_PropertyDescription.m */ = {isa = PBXFileReference; fileEncoding = 4; lastKnownFileType = sourcecode.c.objc; path = AW_PropertyDescription.m; sourceTree = "<group>"; };
		E78D137D197C61480011D7FD /* AW_Steel_Shapes_Database_Import_Utility.sqlite */ = {isa = PBXFileReference; lastKnownFileType = file; path = AW_Steel_Shapes_Database_Import_Utility.sqlite; sourceTree = "<group>"; };
		E79B124C199BF64100E6B8A2 /* ValueEntryView.xib */ = {isa = PBXFileReference; fileEncoding = 4; lastKnownFileType = file.xib; path = ValueEntryView.xib; sourceTree = "<group>"; };
		E79B124E199CFFA900E6B8A2 /* AW_DetailStyleTableViewCell.h */ = {isa = PBXFileReference; fileEncoding = 4; lastKnownFileType = sourcecode.c.h; path = AW_DetailStyleTableViewCell.h; sourceTree = "<group>"; };
		E79B124F199CFFA900E6B8A2 /* AW_DetailStyleTableViewCell.m */ = {isa = PBXFileReference; fileEncoding = 4; lastKnownFileType = sourcecode.c.objc; path = AW_DetailStyleTableViewCell.m; sourceTree = "<group>"; };
		E79B125119A4DBF400E6B8A2 /* AW_TriangleView.h */ = {isa = PBXFileReference; fileEncoding = 4; lastKnownFileType = sourcecode.c.h; path = AW_TriangleView.h; sourceTree = "<group>"; };
		E79B125219A4DBF400E6B8A2 /* AW_TriangleView.m */ = {isa = PBXFileReference; fileEncoding = 4; lastKnownFileType = sourcecode.c.objc; path = AW_TriangleView.m; sourceTree = "<group>"; };
		E79B125419A78F2A00E6B8A2 /* AW_SearchResultsViewController.h */ = {isa = PBXFileReference; fileEncoding = 4; lastKnownFileType = sourcecode.c.h; path = AW_SearchResultsViewController.h; sourceTree = "<group>"; };
		E79B125519A78F2A00E6B8A2 /* AW_SearchResultsViewController.m */ = {isa = PBXFileReference; fileEncoding = 4; lastKnownFileType = sourcecode.c.objc; path = AW_SearchResultsViewController.m; sourceTree = "<group>"; };
		E79B125719A7953900E6B8A2 /* AW_MatchingShape.h */ = {isa = PBXFileReference; fileEncoding = 4; lastKnownFileType = sourcecode.c.h; path = AW_MatchingShape.h; sourceTree = "<group>"; };
		E79B125819A7953900E6B8A2 /* AW_MatchingShape.m */ = {isa = PBXFileReference; fileEncoding = 4; lastKnownFileType = sourcecode.c.objc; path = AW_MatchingShape.m; sourceTree = "<group>"; };
		E79B125A19AB9B1000E6B8A2 /* AW_SearchResultsViewController.xib */ = {isa = PBXFileReference; fileEncoding = 4; lastKnownFileType = file.xib; path = AW_SearchResultsViewController.xib; sourceTree = "<group>"; };
		E7B1B2DC192D807D00054276 /* AW_ShapeFamilyTableViewController.h */ = {isa = PBXFileReference; fileEncoding = 4; lastKnownFileType = sourcecode.c.h; path = AW_ShapeFamilyTableViewController.h; sourceTree = "<group>"; };
		E7B1B2DD192D807D00054276 /* AW_ShapeFamilyTableViewController.m */ = {isa = PBXFileReference; fileEncoding = 4; lastKnownFileType = sourcecode.c.objc; path = AW_ShapeFamilyTableViewController.m; sourceTree = "<group>"; };
		E7B1B2DF192D92EA00054276 /* Update Log */ = {isa = PBXFileReference; fileEncoding = 4; lastKnownFileType = text; path = "Update Log"; sourceTree = "<group>"; };
		E7B1B2ED1931516800054276 /* AW_InfoBar.xib */ = {isa = PBXFileReference; fileEncoding = 4; lastKnownFileType = file.xib; path = AW_InfoBar.xib; sourceTree = "<group>"; };
		E7B1B2EF1931541E00054276 /* AW_ShapeViewController.h */ = {isa = PBXFileReference; fileEncoding = 4; lastKnownFileType = sourcecode.c.h; path = AW_ShapeViewController.h; sourceTree = "<group>"; };
		E7B1B2F01931541E00054276 /* AW_ShapeViewController.m */ = {isa = PBXFileReference; fileEncoding = 4; lastKnownFileType = sourcecode.c.objc; path = AW_ShapeViewController.m; sourceTree = "<group>"; };
		E7B1B2F519326E9300054276 /* AW_InfoBar.h */ = {isa = PBXFileReference; fileEncoding = 4; lastKnownFileType = sourcecode.c.h; path = AW_InfoBar.h; sourceTree = "<group>"; };
		E7B1B2F619326E9300054276 /* AW_InfoBar.m */ = {isa = PBXFileReference; fileEncoding = 4; lastKnownFileType = sourcecode.c.objc; path = AW_InfoBar.m; sourceTree = "<group>"; };
		E7B1B2F8193388B000054276 /* AW_ShapeViewController.xib */ = {isa = PBXFileReference; fileEncoding = 4; lastKnownFileType = file.xib; path = AW_ShapeViewController.xib; sourceTree = "<group>"; };
		E7B1B30219356F7700054276 /* AW_PropertyViewController.h */ = {isa = PBXFileReference; fileEncoding = 4; lastKnownFileType = sourcecode.c.h; path = AW_PropertyViewController.h; sourceTree = "<group>"; };
		E7B1B30319356F7700054276 /* AW_PropertyViewController.m */ = {isa = PBXFileReference; fileEncoding = 4; lastKnownFileType = sourcecode.c.objc; path = AW_PropertyViewController.m; sourceTree = "<group>"; };
		E7B1B30419356F7700054276 /* AW_PropertyViewController.xib */ = {isa = PBXFileReference; fileEncoding = 4; lastKnownFileType = file.xib; path = AW_PropertyViewController.xib; sourceTree = "<group>"; };
		E7EEF1851925A8F80075D69B /* Shape DB.app */ = {isa = PBXFileReference; explicitFileType = wrapper.application; includeInIndex = 0; path = "Shape DB.app"; sourceTree = BUILT_PRODUCTS_DIR; };
		E7EEF1881925A8F80075D69B /* Foundation.framework */ = {isa = PBXFileReference; lastKnownFileType = wrapper.framework; name = Foundation.framework; path = System/Library/Frameworks/Foundation.framework; sourceTree = SDKROOT; };
		E7EEF18A1925A8F80075D69B /* CoreGraphics.framework */ = {isa = PBXFileReference; lastKnownFileType = wrapper.framework; name = CoreGraphics.framework; path = System/Library/Frameworks/CoreGraphics.framework; sourceTree = SDKROOT; };
		E7EEF18C1925A8F80075D69B /* UIKit.framework */ = {isa = PBXFileReference; lastKnownFileType = wrapper.framework; name = UIKit.framework; path = System/Library/Frameworks/UIKit.framework; sourceTree = SDKROOT; };
		E7EEF1901925A8F80075D69B /* Shape DB-Info.plist */ = {isa = PBXFileReference; lastKnownFileType = text.plist.xml; path = "Shape DB-Info.plist"; sourceTree = "<group>"; };
		E7EEF1921925A8F80075D69B /* en */ = {isa = PBXFileReference; lastKnownFileType = text.plist.strings; name = en; path = en.lproj/InfoPlist.strings; sourceTree = "<group>"; };
		E7EEF1941925A8F80075D69B /* main.m */ = {isa = PBXFileReference; lastKnownFileType = sourcecode.c.objc; path = main.m; sourceTree = "<group>"; };
		E7EEF1961925A8F80075D69B /* Shape DB-Prefix.pch */ = {isa = PBXFileReference; lastKnownFileType = sourcecode.c.h; path = "Shape DB-Prefix.pch"; sourceTree = "<group>"; };
		E7EEF1971925A8F80075D69B /* AW_AppDelegate.h */ = {isa = PBXFileReference; lastKnownFileType = sourcecode.c.h; path = AW_AppDelegate.h; sourceTree = "<group>"; };
		E7EEF1981925A8F80075D69B /* AW_AppDelegate.m */ = {isa = PBXFileReference; lastKnownFileType = sourcecode.c.objc; path = AW_AppDelegate.m; sourceTree = "<group>"; };
		E7EEF19A1925A8F80075D69B /* Images.xcassets */ = {isa = PBXFileReference; lastKnownFileType = folder.assetcatalog; path = Images.xcassets; sourceTree = "<group>"; };
		E7EEF1A01925A8F90075D69B /* Shape DBTests.xctest */ = {isa = PBXFileReference; explicitFileType = wrapper.cfbundle; includeInIndex = 0; path = "Shape DBTests.xctest"; sourceTree = BUILT_PRODUCTS_DIR; };
		E7EEF1A11925A8F90075D69B /* XCTest.framework */ = {isa = PBXFileReference; lastKnownFileType = wrapper.framework; name = XCTest.framework; path = Library/Frameworks/XCTest.framework; sourceTree = DEVELOPER_DIR; };
		E7EEF1A91925A8F90075D69B /* Shape DBTests-Info.plist */ = {isa = PBXFileReference; lastKnownFileType = text.plist.xml; path = "Shape DBTests-Info.plist"; sourceTree = "<group>"; };
		E7EEF1AB1925A8F90075D69B /* en */ = {isa = PBXFileReference; lastKnownFileType = text.plist.strings; name = en; path = en.lproj/InfoPlist.strings; sourceTree = "<group>"; };
		E7EEF1AD1925A8F90075D69B /* Steel_Shapes_DatabaseTests.m */ = {isa = PBXFileReference; lastKnownFileType = sourcecode.c.objc; path = Steel_Shapes_DatabaseTests.m; sourceTree = "<group>"; };
		E7EEF1B81925A98A0075D69B /* SteelShapesDatabase.xcdatamodel */ = {isa = PBXFileReference; lastKnownFileType = wrapper.xcdatamodel; path = SteelShapesDatabase.xcdatamodel; sourceTree = "<group>"; };
		E7EEF1BA1925AA5D0075D69B /* AW_Database.h */ = {isa = PBXFileReference; fileEncoding = 4; lastKnownFileType = sourcecode.c.h; path = AW_Database.h; sourceTree = "<group>"; };
		E7EEF1BB1925AA5D0075D69B /* AW_Property.h */ = {isa = PBXFileReference; fileEncoding = 4; lastKnownFileType = sourcecode.c.h; path = AW_Property.h; sourceTree = "<group>"; };
		E7EEF1BC1925AA5D0075D69B /* AW_Shape.h */ = {isa = PBXFileReference; fileEncoding = 4; lastKnownFileType = sourcecode.c.h; path = AW_Shape.h; sourceTree = "<group>"; };
		E7EEF1BD1925AA5D0075D69B /* AW_ShapeFamily.h */ = {isa = PBXFileReference; fileEncoding = 4; lastKnownFileType = sourcecode.c.h; path = AW_ShapeFamily.h; sourceTree = "<group>"; };
		E7EEF1BE1925AA5D0075D69B /* AW_Database.m */ = {isa = PBXFileReference; fileEncoding = 4; lastKnownFileType = sourcecode.c.objc; path = AW_Database.m; sourceTree = "<group>"; };
		E7EEF1BF1925AA5D0075D69B /* AW_Property.m */ = {isa = PBXFileReference; fileEncoding = 4; lastKnownFileType = sourcecode.c.objc; path = AW_Property.m; sourceTree = "<group>"; };
		E7EEF1C01925AA5D0075D69B /* AW_Shape.m */ = {isa = PBXFileReference; fileEncoding = 4; lastKnownFileType = sourcecode.c.objc; path = AW_Shape.m; sourceTree = "<group>"; };
		E7EEF1C11925AA5D0075D69B /* AW_ShapeFamily.m */ = {isa = PBXFileReference; fileEncoding = 4; lastKnownFileType = sourcecode.c.objc; path = AW_ShapeFamily.m; sourceTree = "<group>"; };
		E7EEF1C81925AB430075D69B /* AW_CoreDataStore.h */ = {isa = PBXFileReference; fileEncoding = 4; lastKnownFileType = sourcecode.c.h; path = AW_CoreDataStore.h; sourceTree = "<group>"; };
		E7EEF1C91925AB430075D69B /* AW_CoreDataStore.m */ = {isa = PBXFileReference; fileEncoding = 4; lastKnownFileType = sourcecode.c.objc; path = AW_CoreDataStore.m; sourceTree = "<group>"; };
		E7EEF1CE1925B73B0075D69B /* AW_DatabaseTableViewController.h */ = {isa = PBXFileReference; fileEncoding = 4; lastKnownFileType = sourcecode.c.h; path = AW_DatabaseTableViewController.h; sourceTree = "<group>"; };
		E7EEF1CF1925B73B0075D69B /* AW_DatabaseTableViewController.m */ = {isa = PBXFileReference; fileEncoding = 4; lastKnownFileType = sourcecode.c.objc; path = AW_DatabaseTableViewController.m; sourceTree = "<group>"; };
/* End PBXFileReference section */

/* Begin PBXFrameworksBuildPhase section */
		E7EEF1821925A8F80075D69B /* Frameworks */ = {
			isa = PBXFrameworksBuildPhase;
			buildActionMask = 2147483647;
			files = (
				E76C405619439F9200800FAA /* iAd.framework in Frameworks */,
				E7EEF18B1925A8F80075D69B /* CoreGraphics.framework in Frameworks */,
				E7EEF18D1925A8F80075D69B /* UIKit.framework in Frameworks */,
				E7EEF1891925A8F80075D69B /* Foundation.framework in Frameworks */,
			);
			runOnlyForDeploymentPostprocessing = 0;
		};
		E7EEF19D1925A8F90075D69B /* Frameworks */ = {
			isa = PBXFrameworksBuildPhase;
			buildActionMask = 2147483647;
			files = (
				E7EEF1A21925A8F90075D69B /* XCTest.framework in Frameworks */,
				E7EEF1A41925A8F90075D69B /* UIKit.framework in Frameworks */,
				E7EEF1A31925A8F90075D69B /* Foundation.framework in Frameworks */,
			);
			runOnlyForDeploymentPostprocessing = 0;
		};
/* End PBXFrameworksBuildPhase section */

/* Begin PBXGroup section */
		E70E5492194FBA1F00F42655 /* iRate (third party) */ = {
			isa = PBXGroup;
			children = (
				E70E5493194FBA5100F42655 /* iRate.h */,
				E70E5494194FBA5100F42655 /* iRate.m */,
			);
			name = "iRate (third party)";
			sourceTree = "<group>";
		};
		E71CF0F3197DD46A00FDE2B8 /* Favorites Tab */ = {
			isa = PBXGroup;
			children = (
				E70E549B1953C87F00F42655 /* AW_FavoritedShape.h */,
				E70E549C1953C87F00F42655 /* AW_FavoritedShape.m */,
				E70E54A31954F03100F42655 /* AW_FavoritesStore.h */,
				E70E54A41954F03100F42655 /* AW_FavoritesStore.m */,
				E70E549E1953D0B100F42655 /* AW_FavoritesTableViewController.h */,
				E70E549F1953D0B100F42655 /* AW_FavoritesTableViewController.m */,
			);
			name = "Favorites Tab";
			sourceTree = "<group>";
		};
		E71CF0F4197DD47400FDE2B8 /* About Tab */ = {
			isa = PBXGroup;
			children = (
				E70E5465194C8CA600F42655 /* AW_AboutViewController.h */,
				E70E5466194C8CA600F42655 /* AW_AboutViewController.m */,
				E70E54631946929A00F42655 /* AW_AboutViewController.xib */,
			);
			name = "About Tab";
			sourceTree = "<group>";
		};
		E71CF0F5197DD48E00FDE2B8 /* Browse Tab */ = {
			isa = PBXGroup;
			children = (
				E7EEF1CE1925B73B0075D69B /* AW_DatabaseTableViewController.h */,
				E7EEF1CF1925B73B0075D69B /* AW_DatabaseTableViewController.m */,
				E7B1B2DC192D807D00054276 /* AW_ShapeFamilyTableViewController.h */,
				E7B1B2DD192D807D00054276 /* AW_ShapeFamilyTableViewController.m */,
				E7B1B2EF1931541E00054276 /* AW_ShapeViewController.h */,
				E7B1B2F01931541E00054276 /* AW_ShapeViewController.m */,
				E7B1B2F8193388B000054276 /* AW_ShapeViewController.xib */,
			);
			name = "Browse Tab";
			sourceTree = "<group>";
		};
		E71CF0F7197DD8F300FDE2B8 /* Search Tab */ = {
			isa = PBXGroup;
			children = (
				E71CF0FE197DDDD100FDE2B8 /* AW_EnumHeader.h */,
				E71CF0F8197DD98800FDE2B8 /* AW_SearchCriteriaTableViewController.h */,
				E71CF0F9197DD98800FDE2B8 /* AW_SearchCriteriaTableViewController.m */,
				E79B125419A78F2A00E6B8A2 /* AW_SearchResultsViewController.h */,
				E79B125519A78F2A00E6B8A2 /* AW_SearchResultsViewController.m */,
				E79B125A19AB9B1000E6B8A2 /* AW_SearchResultsViewController.xib */,
				E71CF0FF197DF0CD00FDE2B8 /* AW_DatabaseSelectorModalTableViewController.h */,
				E71CF100197DF0CD00FDE2B8 /* AW_DatabaseSelectorModalTableViewController.m */,
				E71CF10219808F5F00FDE2B8 /* AW_ShapeFamilySelectorModalTableViewController.h */,
				E71CF10319808F5F00FDE2B8 /* AW_ShapeFamilySelectorModalTableViewController.m */,
				E71CF10A198D46BF00FDE2B8 /* AW_AddPropertyCriteriaViewController.h */,
				E71CF10B198D46C000FDE2B8 /* AW_AddPropertyCriteriaViewController.m */,
				E79B124C199BF64100E6B8A2 /* ValueEntryView.xib */,
				E71CF10C198D46C000FDE2B8 /* AW_AddPropertyCriteriaViewController.xib */,
				E79B125119A4DBF400E6B8A2 /* AW_TriangleView.h */,
				E79B125219A4DBF400E6B8A2 /* AW_TriangleView.m */,
				E71CF0FB197DDA6E00FDE2B8 /* AW_PropertyCriteriaObject.h */,
				E71CF0FC197DDA6E00FDE2B8 /* AW_PropertyCriteriaObject.m */,
				E79B125719A7953900E6B8A2 /* AW_MatchingShape.h */,
				E79B125819A7953900E6B8A2 /* AW_MatchingShape.m */,
			);
			name = "Search Tab";
			sourceTree = "<group>";
		};
		E7B1B2E919314F5400054276 /* Views */ = {
			isa = PBXGroup;
			children = (
				E7B1B2F519326E9300054276 /* AW_InfoBar.h */,
				E7B1B2F619326E9300054276 /* AW_InfoBar.m */,
				E7B1B2ED1931516800054276 /* AW_InfoBar.xib */,
				E76C403E193A7D2A00800FAA /* AW_PropertyTableViewCell.h */,
				E76C403F193A7D2A00800FAA /* AW_PropertyTableViewCell.m */,
				E76C4040193A7D2A00800FAA /* AW_PropertyTableViewCell.xib */,
				E70E54A61955158E00F42655 /* AW_FavoritesTableViewCell.h */,
				E70E54A71955158E00F42655 /* AW_FavoritesTableViewCell.m */,
				E71CF10519871C3500FDE2B8 /* AW_PropertyCriteriaTableViewCell.h */,
				E71CF10619871C3500FDE2B8 /* AW_PropertyCriteriaTableViewCell.m */,
				E71CF10719871C3500FDE2B8 /* AW_PropertyCriteriaTableViewCell.xib */,
				E79B124E199CFFA900E6B8A2 /* AW_DetailStyleTableViewCell.h */,
				E79B124F199CFFA900E6B8A2 /* AW_DetailStyleTableViewCell.m */,
			);
			name = Views;
			sourceTree = "<group>";
		};
		E7EEF17C1925A8F70075D69B = {
			isa = PBXGroup;
			children = (
				E70E5492194FBA1F00F42655 /* iRate (third party) */,
				E7EEF18E1925A8F80075D69B /* Steel Shapes Database */,
				E7EEF1A71925A8F90075D69B /* Steel Shapes DatabaseTests */,
				E7EEF1871925A8F80075D69B /* Frameworks */,
				E7EEF1861925A8F80075D69B /* Products */,
			);
			sourceTree = "<group>";
		};
		E7EEF1861925A8F80075D69B /* Products */ = {
			isa = PBXGroup;
			children = (
				E7EEF1851925A8F80075D69B /* Shape DB.app */,
				E7EEF1A01925A8F90075D69B /* Shape DBTests.xctest */,
			);
			name = Products;
			sourceTree = "<group>";
		};
		E7EEF1871925A8F80075D69B /* Frameworks */ = {
			isa = PBXGroup;
			children = (
				E76C405519439F9200800FAA /* iAd.framework */,
				E7EEF1881925A8F80075D69B /* Foundation.framework */,
				E7EEF18A1925A8F80075D69B /* CoreGraphics.framework */,
				E7EEF18C1925A8F80075D69B /* UIKit.framework */,
				E7EEF1A11925A8F90075D69B /* XCTest.framework */,
			);
			name = Frameworks;
			sourceTree = "<group>";
		};
		E7EEF18E1925A8F80075D69B /* Steel Shapes Database */ = {
			isa = PBXGroup;
			children = (
				E7B1B2DF192D92EA00054276 /* Update Log */,
				E7EEF1C71925AAA60075D69B /* Core Data */,
				E71CF0F5197DD48E00FDE2B8 /* Browse Tab */,
				E71CF0F3197DD46A00FDE2B8 /* Favorites Tab */,
				E71CF0F7197DD8F300FDE2B8 /* Search Tab */,
				E71CF0F4197DD47400FDE2B8 /* About Tab */,
				E771CD32192ABD3C00A626B5 /* AW_NavigationController.h */,
				E771CD33192ABD3C00A626B5 /* AW_NavigationController.m */,
				E7B1B30219356F7700054276 /* AW_PropertyViewController.h */,
				E7B1B30319356F7700054276 /* AW_PropertyViewController.m */,
				E7B1B30419356F7700054276 /* AW_PropertyViewController.xib */,
				E7B1B2E919314F5400054276 /* Views */,
				E7EEF1971925A8F80075D69B /* AW_AppDelegate.h */,
				E7EEF1981925A8F80075D69B /* AW_AppDelegate.m */,
				E7EEF19A1925A8F80075D69B /* Images.xcassets */,
				E7EEF18F1925A8F80075D69B /* Supporting Files */,
			);
			path = "Steel Shapes Database";
			sourceTree = "<group>";
		};
		E7EEF18F1925A8F80075D69B /* Supporting Files */ = {
			isa = PBXGroup;
			children = (
				E7EEF1901925A8F80075D69B /* Shape DB-Info.plist */,
				E7EEF1911925A8F80075D69B /* InfoPlist.strings */,
				E7EEF1941925A8F80075D69B /* main.m */,
				E7EEF1961925A8F80075D69B /* Shape DB-Prefix.pch */,
			);
			name = "Supporting Files";
			sourceTree = "<group>";
		};
		E7EEF1A71925A8F90075D69B /* Steel Shapes DatabaseTests */ = {
			isa = PBXGroup;
			children = (
				E7EEF1AD1925A8F90075D69B /* Steel_Shapes_DatabaseTests.m */,
				E7EEF1A81925A8F90075D69B /* Supporting Files */,
			);
			path = "Steel Shapes DatabaseTests";
			sourceTree = "<group>";
		};
		E7EEF1A81925A8F90075D69B /* Supporting Files */ = {
			isa = PBXGroup;
			children = (
				E7EEF1A91925A8F90075D69B /* Shape DBTests-Info.plist */,
				E7EEF1AA1925A8F90075D69B /* InfoPlist.strings */,
			);
			name = "Supporting Files";
			sourceTree = "<group>";
		};
		E7EEF1C61925AA640075D69B /* Core Data Managed Objects */ = {
			isa = PBXGroup;
			children = (
				E7EEF1BA1925AA5D0075D69B /* AW_Database.h */,
				E7EEF1BE1925AA5D0075D69B /* AW_Database.m */,
				E7EEF1BD1925AA5D0075D69B /* AW_ShapeFamily.h */,
				E7EEF1C11925AA5D0075D69B /* AW_ShapeFamily.m */,
				E7EEF1BC1925AA5D0075D69B /* AW_Shape.h */,
				E7EEF1C01925AA5D0075D69B /* AW_Shape.m */,
				E7EEF1BB1925AA5D0075D69B /* AW_Property.h */,
				E7EEF1BF1925AA5D0075D69B /* AW_Property.m */,
				E78D1378197C5B9A0011D7FD /* AW_PropertyDescription.h */,
				E78D1379197C5B9A0011D7FD /* AW_PropertyDescription.m */,
			);
			name = "Core Data Managed Objects";
			sourceTree = "<group>";
		};
		E7EEF1C71925AAA60075D69B /* Core Data */ = {
			isa = PBXGroup;
			children = (
				E7EEF1C61925AA640075D69B /* Core Data Managed Objects */,
				E7EEF1B71925A98A0075D69B /* SteelShapesDatabase.xcdatamodeld */,
				E78D137D197C61480011D7FD /* AW_Steel_Shapes_Database_Import_Utility.sqlite */,
				E7EEF1C81925AB430075D69B /* AW_CoreDataStore.h */,
				E7EEF1C91925AB430075D69B /* AW_CoreDataStore.m */,
			);
			name = "Core Data";
			sourceTree = "<group>";
		};
/* End PBXGroup section */

/* Begin PBXNativeTarget section */
		E7EEF1841925A8F80075D69B /* Shape DB */ = {
			isa = PBXNativeTarget;
			buildConfigurationList = E7EEF1B11925A8F90075D69B /* Build configuration list for PBXNativeTarget "Shape DB" */;
			buildPhases = (
				E7EEF1811925A8F80075D69B /* Sources */,
				E7EEF1821925A8F80075D69B /* Frameworks */,
				E7EEF1831925A8F80075D69B /* Resources */,
			);
			buildRules = (
			);
			dependencies = (
			);
			name = "Shape DB";
			productName = "Steel Shapes Database";
			productReference = E7EEF1851925A8F80075D69B /* Shape DB.app */;
			productType = "com.apple.product-type.application";
		};
		E7EEF19F1925A8F90075D69B /* Shape DBTests */ = {
			isa = PBXNativeTarget;
			buildConfigurationList = E7EEF1B41925A8F90075D69B /* Build configuration list for PBXNativeTarget "Shape DBTests" */;
			buildPhases = (
				E7EEF19C1925A8F90075D69B /* Sources */,
				E7EEF19D1925A8F90075D69B /* Frameworks */,
				E7EEF19E1925A8F90075D69B /* Resources */,
			);
			buildRules = (
			);
			dependencies = (
				E7EEF1A61925A8F90075D69B /* PBXTargetDependency */,
			);
			name = "Shape DBTests";
			productName = "Steel Shapes DatabaseTests";
			productReference = E7EEF1A01925A8F90075D69B /* Shape DBTests.xctest */;
			productType = "com.apple.product-type.bundle.unit-test";
		};
/* End PBXNativeTarget section */

/* Begin PBXProject section */
		E7EEF17D1925A8F70075D69B /* Project object */ = {
			isa = PBXProject;
			attributes = {
				CLASSPREFIX = AW_;
				LastUpgradeCheck = 0510;
				ORGANIZATIONNAME = "Alan Wang";
				TargetAttributes = {
					E7EEF1841925A8F80075D69B = {
						DevelopmentTeam = V9U3AP538W;
					};
					E7EEF19F1925A8F90075D69B = {
						TestTargetID = E7EEF1841925A8F80075D69B;
					};
				};
			};
			buildConfigurationList = E7EEF1801925A8F70075D69B /* Build configuration list for PBXProject "Shape DB" */;
			compatibilityVersion = "Xcode 3.2";
			developmentRegion = English;
			hasScannedForEncodings = 0;
			knownRegions = (
				en,
			);
			mainGroup = E7EEF17C1925A8F70075D69B;
			productRefGroup = E7EEF1861925A8F80075D69B /* Products */;
			projectDirPath = "";
			projectRoot = "";
			targets = (
				E7EEF1841925A8F80075D69B /* Shape DB */,
				E7EEF19F1925A8F90075D69B /* Shape DBTests */,
			);
		};
/* End PBXProject section */

/* Begin PBXResourcesBuildPhase section */
		E7EEF1831925A8F80075D69B /* Resources */ = {
			isa = PBXResourcesBuildPhase;
			buildActionMask = 2147483647;
			files = (
				E71CF10919871C3500FDE2B8 /* AW_PropertyCriteriaTableViewCell.xib in Resources */,
				E7EEF1931925A8F80075D69B /* InfoPlist.strings in Resources */,
				E71CF10E198D46C000FDE2B8 /* AW_AddPropertyCriteriaViewController.xib in Resources */,
				E7B1B30619356F7700054276 /* AW_PropertyViewController.xib in Resources */,
				E7EEF19B1925A8F80075D69B /* Images.xcassets in Resources */,
				E79B124D199BF64100E6B8A2 /* ValueEntryView.xib in Resources */,
				E70E54641946929A00F42655 /* AW_AboutViewController.xib in Resources */,
				E76C4042193A7D2A00800FAA /* AW_PropertyTableViewCell.xib in Resources */,
				E7B1B2F9193388B000054276 /* AW_ShapeViewController.xib in Resources */,
				E79B125B19AB9B1000E6B8A2 /* AW_SearchResultsViewController.xib in Resources */,
				E78D137E197C61480011D7FD /* AW_Steel_Shapes_Database_Import_Utility.sqlite in Resources */,
				E7B1B2EE1931516800054276 /* AW_InfoBar.xib in Resources */,
			);
			runOnlyForDeploymentPostprocessing = 0;
		};
		E7EEF19E1925A8F90075D69B /* Resources */ = {
			isa = PBXResourcesBuildPhase;
			buildActionMask = 2147483647;
			files = (
				E7EEF1AC1925A8F90075D69B /* InfoPlist.strings in Resources */,
			);
			runOnlyForDeploymentPostprocessing = 0;
		};
/* End PBXResourcesBuildPhase section */

/* Begin PBXSourcesBuildPhase section */
		E7EEF1811925A8F80075D69B /* Sources */ = {
			isa = PBXSourcesBuildPhase;
			buildActionMask = 2147483647;
			files = (
				E79B125919A7953900E6B8A2 /* AW_MatchingShape.m in Sources */,
				E7EEF1C21925AA5D0075D69B /* AW_Database.m in Sources */,
				E7EEF1C31925AA5D0075D69B /* AW_Property.m in Sources */,
				E7B1B2DE192D807D00054276 /* AW_ShapeFamilyTableViewController.m in Sources */,
				E71CF10819871C3500FDE2B8 /* AW_PropertyCriteriaTableViewCell.m in Sources */,
				E79B1250199CFFA900E6B8A2 /* AW_DetailStyleTableViewCell.m in Sources */,
				E7EEF1C51925AA5D0075D69B /* AW_ShapeFamily.m in Sources */,
				E71CF0FD197DDA6E00FDE2B8 /* AW_PropertyCriteriaObject.m in Sources */,
				E71CF101197DF0CD00FDE2B8 /* AW_DatabaseSelectorModalTableViewController.m in Sources */,
				E70E5467194C8CA600F42655 /* AW_AboutViewController.m in Sources */,
				E71CF10D198D46C000FDE2B8 /* AW_AddPropertyCriteriaViewController.m in Sources */,
				E70E5495194FBA5100F42655 /* iRate.m in Sources */,
				E7EEF1991925A8F80075D69B /* AW_AppDelegate.m in Sources */,
				E7B1B2F719326E9300054276 /* AW_InfoBar.m in Sources */,
				E7EEF1CA1925AB430075D69B /* AW_CoreDataStore.m in Sources */,
				E70E54A81955158E00F42655 /* AW_FavoritesTableViewCell.m in Sources */,
				E79B125319A4DBF400E6B8A2 /* AW_TriangleView.m in Sources */,
				E771CD34192ABD3C00A626B5 /* AW_NavigationController.m in Sources */,
				E78D137A197C5B9A0011D7FD /* AW_PropertyDescription.m in Sources */,
				E70E54A01953D0B100F42655 /* AW_FavoritesTableViewController.m in Sources */,
				E71CF0FA197DD98800FDE2B8 /* AW_SearchCriteriaTableViewController.m in Sources */,
				E70E549D1953C87F00F42655 /* AW_FavoritedShape.m in Sources */,
				E7EEF1B91925A98A0075D69B /* SteelShapesDatabase.xcdatamodeld in Sources */,
				E79B125619A78F2A00E6B8A2 /* AW_SearchResultsViewController.m in Sources */,
				E70E54A51954F03100F42655 /* AW_FavoritesStore.m in Sources */,
				E76C4041193A7D2A00800FAA /* AW_PropertyTableViewCell.m in Sources */,
				E7EEF1951925A8F80075D69B /* main.m in Sources */,
				E7EEF1D01925B73B0075D69B /* AW_DatabaseTableViewController.m in Sources */,
				E71CF10419808F5F00FDE2B8 /* AW_ShapeFamilySelectorModalTableViewController.m in Sources */,
				E7EEF1C41925AA5D0075D69B /* AW_Shape.m in Sources */,
				E7B1B2F11931541E00054276 /* AW_ShapeViewController.m in Sources */,
				E7B1B30519356F7700054276 /* AW_PropertyViewController.m in Sources */,
			);
			runOnlyForDeploymentPostprocessing = 0;
		};
		E7EEF19C1925A8F90075D69B /* Sources */ = {
			isa = PBXSourcesBuildPhase;
			buildActionMask = 2147483647;
			files = (
				E7EEF1AE1925A8F90075D69B /* Steel_Shapes_DatabaseTests.m in Sources */,
			);
			runOnlyForDeploymentPostprocessing = 0;
		};
/* End PBXSourcesBuildPhase section */

/* Begin PBXTargetDependency section */
		E7EEF1A61925A8F90075D69B /* PBXTargetDependency */ = {
			isa = PBXTargetDependency;
			target = E7EEF1841925A8F80075D69B /* Shape DB */;
			targetProxy = E7EEF1A51925A8F90075D69B /* PBXContainerItemProxy */;
		};
/* End PBXTargetDependency section */

/* Begin PBXVariantGroup section */
		E7EEF1911925A8F80075D69B /* InfoPlist.strings */ = {
			isa = PBXVariantGroup;
			children = (
				E7EEF1921925A8F80075D69B /* en */,
			);
			name = InfoPlist.strings;
			sourceTree = "<group>";
		};
		E7EEF1AA1925A8F90075D69B /* InfoPlist.strings */ = {
			isa = PBXVariantGroup;
			children = (
				E7EEF1AB1925A8F90075D69B /* en */,
			);
			name = InfoPlist.strings;
			sourceTree = "<group>";
		};
/* End PBXVariantGroup section */

/* Begin XCBuildConfiguration section */
		E7EEF1AF1925A8F90075D69B /* Debug */ = {
			isa = XCBuildConfiguration;
			buildSettings = {
				ALWAYS_SEARCH_USER_PATHS = NO;
				CLANG_CXX_LANGUAGE_STANDARD = "gnu++0x";
				CLANG_CXX_LIBRARY = "libc++";
				CLANG_ENABLE_MODULES = YES;
				CLANG_ENABLE_OBJC_ARC = YES;
				CLANG_WARN_BOOL_CONVERSION = YES;
				CLANG_WARN_CONSTANT_CONVERSION = YES;
				CLANG_WARN_DIRECT_OBJC_ISA_USAGE = YES_ERROR;
				CLANG_WARN_EMPTY_BODY = YES;
				CLANG_WARN_ENUM_CONVERSION = YES;
				CLANG_WARN_INT_CONVERSION = YES;
				CLANG_WARN_OBJC_ROOT_CLASS = YES_ERROR;
				CLANG_WARN__DUPLICATE_METHOD_MATCH = YES;
				"CODE_SIGN_IDENTITY[sdk=iphoneos*]" = "iPhone Developer";
				COPY_PHASE_STRIP = NO;
				GCC_C_LANGUAGE_STANDARD = gnu99;
				GCC_DYNAMIC_NO_PIC = NO;
				GCC_OPTIMIZATION_LEVEL = 0;
				GCC_PREPROCESSOR_DEFINITIONS = (
					"DEBUG=1",
					"$(inherited)",
				);
				GCC_SYMBOLS_PRIVATE_EXTERN = NO;
				GCC_WARN_64_TO_32_BIT_CONVERSION = YES;
				GCC_WARN_ABOUT_RETURN_TYPE = YES_ERROR;
				GCC_WARN_UNDECLARED_SELECTOR = YES;
				GCC_WARN_UNINITIALIZED_AUTOS = YES_AGGRESSIVE;
				GCC_WARN_UNUSED_FUNCTION = YES;
				GCC_WARN_UNUSED_VARIABLE = YES;
				IPHONEOS_DEPLOYMENT_TARGET = 6.0;
				ONLY_ACTIVE_ARCH = YES;
				SDKROOT = iphoneos;
			};
			name = Debug;
		};
		E7EEF1B01925A8F90075D69B /* Release */ = {
			isa = XCBuildConfiguration;
			buildSettings = {
				ALWAYS_SEARCH_USER_PATHS = NO;
				CLANG_CXX_LANGUAGE_STANDARD = "gnu++0x";
				CLANG_CXX_LIBRARY = "libc++";
				CLANG_ENABLE_MODULES = YES;
				CLANG_ENABLE_OBJC_ARC = YES;
				CLANG_WARN_BOOL_CONVERSION = YES;
				CLANG_WARN_CONSTANT_CONVERSION = YES;
				CLANG_WARN_DIRECT_OBJC_ISA_USAGE = YES_ERROR;
				CLANG_WARN_EMPTY_BODY = YES;
				CLANG_WARN_ENUM_CONVERSION = YES;
				CLANG_WARN_INT_CONVERSION = YES;
				CLANG_WARN_OBJC_ROOT_CLASS = YES_ERROR;
				CLANG_WARN__DUPLICATE_METHOD_MATCH = YES;
				"CODE_SIGN_IDENTITY[sdk=iphoneos*]" = "iPhone Developer";
				COPY_PHASE_STRIP = YES;
				ENABLE_NS_ASSERTIONS = NO;
				GCC_C_LANGUAGE_STANDARD = gnu99;
				GCC_WARN_64_TO_32_BIT_CONVERSION = YES;
				GCC_WARN_ABOUT_RETURN_TYPE = YES_ERROR;
				GCC_WARN_UNDECLARED_SELECTOR = YES;
				GCC_WARN_UNINITIALIZED_AUTOS = YES_AGGRESSIVE;
				GCC_WARN_UNUSED_FUNCTION = YES;
				GCC_WARN_UNUSED_VARIABLE = YES;
				IPHONEOS_DEPLOYMENT_TARGET = 6.0;
				SDKROOT = iphoneos;
				VALIDATE_PRODUCT = YES;
			};
			name = Release;
		};
		E7EEF1B21925A8F90075D69B /* Debug */ = {
			isa = XCBuildConfiguration;
			buildSettings = {
				ASSETCATALOG_COMPILER_APPICON_NAME = AppIcon;
				ASSETCATALOG_COMPILER_LAUNCHIMAGE_NAME = LaunchImage;
				CODE_SIGN_IDENTITY = "iPhone Developer";
				GCC_PRECOMPILE_PREFIX_HEADER = YES;
				GCC_PREFIX_HEADER = "Steel Shapes Database/Shape DB-Prefix.pch";
				INFOPLIST_FILE = "Steel Shapes Database/Shape DB-Info.plist";
				IPHONEOS_DEPLOYMENT_TARGET = 6.0;
				PRODUCT_NAME = "Shape DB";
				WRAPPER_EXTENSION = app;
			};
			name = Debug;
		};
		E7EEF1B31925A8F90075D69B /* Release */ = {
			isa = XCBuildConfiguration;
			buildSettings = {
				ASSETCATALOG_COMPILER_APPICON_NAME = AppIcon;
				ASSETCATALOG_COMPILER_LAUNCHIMAGE_NAME = LaunchImage;
				CODE_SIGN_IDENTITY = "iPhone Developer";
				GCC_PRECOMPILE_PREFIX_HEADER = YES;
				GCC_PREFIX_HEADER = "Steel Shapes Database/Shape DB-Prefix.pch";
				INFOPLIST_FILE = "Steel Shapes Database/Shape DB-Info.plist";
				IPHONEOS_DEPLOYMENT_TARGET = 6.0;
				PRODUCT_NAME = "Shape DB";
				WRAPPER_EXTENSION = app;
			};
			name = Release;
		};
		E7EEF1B51925A8F90075D69B /* Debug */ = {
			isa = XCBuildConfiguration;
			buildSettings = {
				BUNDLE_LOADER = "$(BUILT_PRODUCTS_DIR)/Steel Shapes Database.app/Steel Shapes Database";
				FRAMEWORK_SEARCH_PATHS = (
					"$(SDKROOT)/Developer/Library/Frameworks",
					"$(inherited)",
					"$(DEVELOPER_FRAMEWORKS_DIR)",
				);
				GCC_PRECOMPILE_PREFIX_HEADER = YES;
				GCC_PREFIX_HEADER = "Steel Shapes Database/Steel Shapes Database-Prefix.pch";
				GCC_PREPROCESSOR_DEFINITIONS = (
					"DEBUG=1",
					"$(inherited)",
				);
				INFOPLIST_FILE = "Steel Shapes DatabaseTests/Shape DBTests-Info.plist";
				PRODUCT_NAME = "Shape DBTests";
				TEST_HOST = "$(BUNDLE_LOADER)";
				WRAPPER_EXTENSION = xctest;
			};
			name = Debug;
		};
		E7EEF1B61925A8F90075D69B /* Release */ = {
			isa = XCBuildConfiguration;
			buildSettings = {
				BUNDLE_LOADER = "$(BUILT_PRODUCTS_DIR)/Steel Shapes Database.app/Steel Shapes Database";
				FRAMEWORK_SEARCH_PATHS = (
					"$(SDKROOT)/Developer/Library/Frameworks",
					"$(inherited)",
					"$(DEVELOPER_FRAMEWORKS_DIR)",
				);
				GCC_PRECOMPILE_PREFIX_HEADER = YES;
				GCC_PREFIX_HEADER = "Steel Shapes Database/Steel Shapes Database-Prefix.pch";
				INFOPLIST_FILE = "Steel Shapes DatabaseTests/Shape DBTests-Info.plist";
				PRODUCT_NAME = "Shape DBTests";
				TEST_HOST = "$(BUNDLE_LOADER)";
				WRAPPER_EXTENSION = xctest;
			};
			name = Release;
		};
/* End XCBuildConfiguration section */

/* Begin XCConfigurationList section */
		E7EEF1801925A8F70075D69B /* Build configuration list for PBXProject "Shape DB" */ = {
			isa = XCConfigurationList;
			buildConfigurations = (
				E7EEF1AF1925A8F90075D69B /* Debug */,
				E7EEF1B01925A8F90075D69B /* Release */,
			);
			defaultConfigurationIsVisible = 0;
			defaultConfigurationName = Release;
		};
		E7EEF1B11925A8F90075D69B /* Build configuration list for PBXNativeTarget "Shape DB" */ = {
			isa = XCConfigurationList;
			buildConfigurations = (
				E7EEF1B21925A8F90075D69B /* Debug */,
				E7EEF1B31925A8F90075D69B /* Release */,
			);
			defaultConfigurationIsVisible = 0;
			defaultConfigurationName = Release;
		};
		E7EEF1B41925A8F90075D69B /* Build configuration list for PBXNativeTarget "Shape DBTests" */ = {
			isa = XCConfigurationList;
			buildConfigurations = (
				E7EEF1B51925A8F90075D69B /* Debug */,
				E7EEF1B61925A8F90075D69B /* Release */,
			);
			defaultConfigurationIsVisible = 0;
			defaultConfigurationName = Release;
		};
/* End XCConfigurationList section */

/* Begin XCVersionGroup section */
		E7EEF1B71925A98A0075D69B /* SteelShapesDatabase.xcdatamodeld */ = {
			isa = XCVersionGroup;
			children = (
				E7EEF1B81925A98A0075D69B /* SteelShapesDatabase.xcdatamodel */,
			);
			currentVersion = E7EEF1B81925A98A0075D69B /* SteelShapesDatabase.xcdatamodel */;
			name = SteelShapesDatabase.xcdatamodeld;
			path = ../SteelShapesDatabase.xcdatamodeld;
			sourceTree = "<group>";
			versionGroupType = wrapper.xcdatamodel;
		};
/* End XCVersionGroup section */
	};
	rootObject = E7EEF17D1925A8F70075D69B /* Project object */;
}
